<?xml version="1.0" encoding="UTF-8" standalone="yes" ?>
<CodeBlocks_project_file>
   <FileVersion major="1" minor="6" />
   <Project>
      <Option title="Box2D" />
      <Option makefile_is_custom="1" />
      <Option compiler="gcc" />
      <Option virtualFolders="CMake Files\;CMake Files\Box2D\;CMake Files\HelloWorld\;CMake Files\freeglut\;CMake Files\glui\;CMake Files\Testbed\;" />
      <Build>
      <Target title="all">
         <Option working_dir="C:/Users/null/MOV/Box2D-build" />
         <Option type="4" />
         <MakeCommands>
            <Build command="C:/MinGW/bin/mingw32-make.exe -f &quot;C:/Users/null/MOV/Box2D-build/Makefile&quot;  VERBOSE=1 all" />
            <CompileFile command="C:/MinGW/bin/mingw32-make.exe -f &quot;C:/Users/null/MOV/Box2D-build/Makefile&quot;  VERBOSE=1 &quot;$file&quot;" />
            <Clean command="C:/MinGW/bin/mingw32-make.exe -f &quot;C:/Users/null/MOV/Box2D-build/Makefile&quot;  VERBOSE=1 clean" />
            <DistClean command="C:/MinGW/bin/mingw32-make.exe -f &quot;C:/Users/null/MOV/Box2D-build/Makefile&quot;  VERBOSE=1 clean" />
         </MakeCommands>
      </Target>
      <Target title="edit_cache">
         <Option working_dir="C:/Users/null/MOV/Box2D-build" />
         <Option type="4" />
         <MakeCommands>
            <Build command="C:/MinGW/bin/mingw32-make.exe -f &quot;C:/Users/null/MOV/Box2D-build/Makefile&quot;  VERBOSE=1 edit_cache" />
            <CompileFile command="C:/MinGW/bin/mingw32-make.exe -f &quot;C:/Users/null/MOV/Box2D-build/Makefile&quot;  VERBOSE=1 &quot;$file&quot;" />
            <Clean command="C:/MinGW/bin/mingw32-make.exe -f &quot;C:/Users/null/MOV/Box2D-build/Makefile&quot;  VERBOSE=1 clean" />
            <DistClean command="C:/MinGW/bin/mingw32-make.exe -f &quot;C:/Users/null/MOV/Box2D-build/Makefile&quot;  VERBOSE=1 clean" />
         </MakeCommands>
      </Target>
      <Target title="rebuild_cache">
         <Option working_dir="C:/Users/null/MOV/Box2D-build" />
         <Option type="4" />
         <MakeCommands>
            <Build command="C:/MinGW/bin/mingw32-make.exe -f &quot;C:/Users/null/MOV/Box2D-build/Makefile&quot;  VERBOSE=1 rebuild_cache" />
            <CompileFile command="C:/MinGW/bin/mingw32-make.exe -f &quot;C:/Users/null/MOV/Box2D-build/Makefile&quot;  VERBOSE=1 &quot;$file&quot;" />
            <Clean command="C:/MinGW/bin/mingw32-make.exe -f &quot;C:/Users/null/MOV/Box2D-build/Makefile&quot;  VERBOSE=1 clean" />
            <DistClean command="C:/MinGW/bin/mingw32-make.exe -f &quot;C:/Users/null/MOV/Box2D-build/Makefile&quot;  VERBOSE=1 clean" />
         </MakeCommands>
      </Target>
      <Target title="Box2D">
         <Option output="C:/Users/null/MOV/Box2D-build/Box2D/libBox2D.a" prefix_auto="0" extension_auto="0" />
         <Option working_dir="C:/Users/null/MOV/Box2D-build/Box2D" />
         <Option object_output="./" />
         <Option type="2" />
         <Option compiler="gcc" />
         <Compiler>
            <Add directory="C:/Users/null/MOV/Box2D/Box2D/.." />
            <Add directory="c:\mingw\bin\../lib/gcc/mingw32/4.8.1/../../../../include" />
            <Add directory="c:\mingw\bin\../lib/gcc/mingw32/4.8.1/../../../../mingw32/include" />
            <Add directory="c:\mingw\bin\../lib/gcc/mingw32/4.8.1/include" />
            <Add directory="c:\mingw\bin\../lib/gcc/mingw32/4.8.1/include-fixed" />
            <Add directory="c:\mingw\bin\../lib/gcc/mingw32/4.8.1/include/c++" />
            <Add directory="c:\mingw\bin\../lib/gcc/mingw32/4.8.1/include/c++/backward" />
            <Add directory="c:\mingw\bin\../lib/gcc/mingw32/4.8.1/include/c++/mingw32" />
         </Compiler>
         <MakeCommands>
            <Build command="C:/MinGW/bin/mingw32-make.exe -f &quot;C:/Users/null/MOV/Box2D-build/Box2D/Makefile&quot;  VERBOSE=1 Box2D" />
            <CompileFile command="C:/MinGW/bin/mingw32-make.exe -f &quot;C:/Users/null/MOV/Box2D-build/Box2D/Makefile&quot;  VERBOSE=1 &quot;$file&quot;" />
            <Clean command="C:/MinGW/bin/mingw32-make.exe -f &quot;C:/Users/null/MOV/Box2D-build/Box2D/Makefile&quot;  VERBOSE=1 clean" />
            <DistClean command="C:/MinGW/bin/mingw32-make.exe -f &quot;C:/Users/null/MOV/Box2D-build/Box2D/Makefile&quot;  VERBOSE=1 clean" />
         </MakeCommands>
      </Target>
      <Target title="Box2D/fast">
         <Option output="C:/Users/null/MOV/Box2D-build/Box2D/libBox2D.a" prefix_auto="0" extension_auto="0" />
         <Option working_dir="C:/Users/null/MOV/Box2D-build/Box2D" />
         <Option object_output="./" />
         <Option type="2" />
         <Option compiler="gcc" />
         <Compiler>
            <Add directory="C:/Users/null/MOV/Box2D/Box2D/.." />
            <Add directory="c:\mingw\bin\../lib/gcc/mingw32/4.8.1/../../../../include" />
            <Add directory="c:\mingw\bin\../lib/gcc/mingw32/4.8.1/../../../../mingw32/include" />
            <Add directory="c:\mingw\bin\../lib/gcc/mingw32/4.8.1/include" />
            <Add directory="c:\mingw\bin\../lib/gcc/mingw32/4.8.1/include-fixed" />
            <Add directory="c:\mingw\bin\../lib/gcc/mingw32/4.8.1/include/c++" />
            <Add directory="c:\mingw\bin\../lib/gcc/mingw32/4.8.1/include/c++/backward" />
            <Add directory="c:\mingw\bin\../lib/gcc/mingw32/4.8.1/include/c++/mingw32" />
         </Compiler>
         <MakeCommands>
            <Build command="C:/MinGW/bin/mingw32-make.exe -f &quot;C:/Users/null/MOV/Box2D-build/Box2D/Makefile&quot;  VERBOSE=1 Box2D/fast" />
            <CompileFile command="C:/MinGW/bin/mingw32-make.exe -f &quot;C:/Users/null/MOV/Box2D-build/Box2D/Makefile&quot;  VERBOSE=1 &quot;$file&quot;" />
            <Clean command="C:/MinGW/bin/mingw32-make.exe -f &quot;C:/Users/null/MOV/Box2D-build/Box2D/Makefile&quot;  VERBOSE=1 clean" />
            <DistClean command="C:/MinGW/bin/mingw32-make.exe -f &quot;C:/Users/null/MOV/Box2D-build/Box2D/Makefile&quot;  VERBOSE=1 clean" />
         </MakeCommands>
      </Target>
      <Target title="Box2D_shared">
         <Option output="C:/Users/null/MOV/Box2D-build/Box2D/libBox2D.dll" prefix_auto="0" extension_auto="0" />
         <Option working_dir="C:/Users/null/MOV/Box2D-build/Box2D" />
         <Option object_output="./" />
         <Option type="3" />
         <Option compiler="gcc" />
         <Compiler>
            <Add directory="C:/Users/null/MOV/Box2D/Box2D/.." />
            <Add directory="c:\mingw\bin\../lib/gcc/mingw32/4.8.1/../../../../include" />
            <Add directory="c:\mingw\bin\../lib/gcc/mingw32/4.8.1/../../../../mingw32/include" />
            <Add directory="c:\mingw\bin\../lib/gcc/mingw32/4.8.1/include" />
            <Add directory="c:\mingw\bin\../lib/gcc/mingw32/4.8.1/include-fixed" />
            <Add directory="c:\mingw\bin\../lib/gcc/mingw32/4.8.1/include/c++" />
            <Add directory="c:\mingw\bin\../lib/gcc/mingw32/4.8.1/include/c++/backward" />
            <Add directory="c:\mingw\bin\../lib/gcc/mingw32/4.8.1/include/c++/mingw32" />
         </Compiler>
         <MakeCommands>
            <Build command="C:/MinGW/bin/mingw32-make.exe -f &quot;C:/Users/null/MOV/Box2D-build/Box2D/Makefile&quot;  VERBOSE=1 Box2D_shared" />
            <CompileFile command="C:/MinGW/bin/mingw32-make.exe -f &quot;C:/Users/null/MOV/Box2D-build/Box2D/Makefile&quot;  VERBOSE=1 &quot;$file&quot;" />
            <Clean command="C:/MinGW/bin/mingw32-make.exe -f &quot;C:/Users/null/MOV/Box2D-build/Box2D/Makefile&quot;  VERBOSE=1 clean" />
            <DistClean command="C:/MinGW/bin/mingw32-make.exe -f &quot;C:/Users/null/MOV/Box2D-build/Box2D/Makefile&quot;  VERBOSE=1 clean" />
         </MakeCommands>
      </Target>
      <Target title="Box2D_shared/fast">
         <Option output="C:/Users/null/MOV/Box2D-build/Box2D/libBox2D.dll" prefix_auto="0" extension_auto="0" />
         <Option working_dir="C:/Users/null/MOV/Box2D-build/Box2D" />
         <Option object_output="./" />
         <Option type="3" />
         <Option compiler="gcc" />
         <Compiler>
            <Add directory="C:/Users/null/MOV/Box2D/Box2D/.." />
            <Add directory="c:\mingw\bin\../lib/gcc/mingw32/4.8.1/../../../../include" />
            <Add directory="c:\mingw\bin\../lib/gcc/mingw32/4.8.1/../../../../mingw32/include" />
            <Add directory="c:\mingw\bin\../lib/gcc/mingw32/4.8.1/include" />
            <Add directory="c:\mingw\bin\../lib/gcc/mingw32/4.8.1/include-fixed" />
            <Add directory="c:\mingw\bin\../lib/gcc/mingw32/4.8.1/include/c++" />
            <Add directory="c:\mingw\bin\../lib/gcc/mingw32/4.8.1/include/c++/backward" />
            <Add directory="c:\mingw\bin\../lib/gcc/mingw32/4.8.1/include/c++/mingw32" />
         </Compiler>
         <MakeCommands>
            <Build command="C:/MinGW/bin/mingw32-make.exe -f &quot;C:/Users/null/MOV/Box2D-build/Box2D/Makefile&quot;  VERBOSE=1 Box2D_shared/fast" />
            <CompileFile command="C:/MinGW/bin/mingw32-make.exe -f &quot;C:/Users/null/MOV/Box2D-build/Box2D/Makefile&quot;  VERBOSE=1 &quot;$file&quot;" />
            <Clean command="C:/MinGW/bin/mingw32-make.exe -f &quot;C:/Users/null/MOV/Box2D-build/Box2D/Makefile&quot;  VERBOSE=1 clean" />
            <DistClean command="C:/MinGW/bin/mingw32-make.exe -f &quot;C:/Users/null/MOV/Box2D-build/Box2D/Makefile&quot;  VERBOSE=1 clean" />
         </MakeCommands>
      </Target>
      <Target title="HelloWorld">
         <Option output="C:/Users/null/MOV/Box2D-build/HelloWorld/HelloWorld.exe" prefix_auto="0" extension_auto="0" />
         <Option working_dir="C:/Users/null/MOV/Box2D-build/HelloWorld" />
         <Option object_output="./" />
         <Option type="1" />
         <Option compiler="gcc" />
         <Compiler>
            <Add directory="C:/Users/null/MOV/Box2D" />
            <Add directory="c:\mingw\bin\../lib/gcc/mingw32/4.8.1/../../../../include" />
            <Add directory="c:\mingw\bin\../lib/gcc/mingw32/4.8.1/../../../../mingw32/include" />
            <Add directory="c:\mingw\bin\../lib/gcc/mingw32/4.8.1/include" />
            <Add directory="c:\mingw\bin\../lib/gcc/mingw32/4.8.1/include-fixed" />
            <Add directory="c:\mingw\bin\../lib/gcc/mingw32/4.8.1/include/c++" />
            <Add directory="c:\mingw\bin\../lib/gcc/mingw32/4.8.1/include/c++/backward" />
            <Add directory="c:\mingw\bin\../lib/gcc/mingw32/4.8.1/include/c++/mingw32" />
         </Compiler>
         <MakeCommands>
            <Build command="C:/MinGW/bin/mingw32-make.exe -f &quot;C:/Users/null/MOV/Box2D-build/HelloWorld/Makefile&quot;  VERBOSE=1 HelloWorld" />
            <CompileFile command="C:/MinGW/bin/mingw32-make.exe -f &quot;C:/Users/null/MOV/Box2D-build/HelloWorld/Makefile&quot;  VERBOSE=1 &quot;$file&quot;" />
            <Clean command="C:/MinGW/bin/mingw32-make.exe -f &quot;C:/Users/null/MOV/Box2D-build/HelloWorld/Makefile&quot;  VERBOSE=1 clean" />
            <DistClean command="C:/MinGW/bin/mingw32-make.exe -f &quot;C:/Users/null/MOV/Box2D-build/HelloWorld/Makefile&quot;  VERBOSE=1 clean" />
         </MakeCommands>
      </Target>
      <Target title="HelloWorld/fast">
         <Option output="C:/Users/null/MOV/Box2D-build/HelloWorld/HelloWorld.exe" prefix_auto="0" extension_auto="0" />
         <Option working_dir="C:/Users/null/MOV/Box2D-build/HelloWorld" />
         <Option object_output="./" />
         <Option type="1" />
         <Option compiler="gcc" />
         <Compiler>
            <Add directory="C:/Users/null/MOV/Box2D" />
            <Add directory="c:\mingw\bin\../lib/gcc/mingw32/4.8.1/../../../../include" />
            <Add directory="c:\mingw\bin\../lib/gcc/mingw32/4.8.1/../../../../mingw32/include" />
            <Add directory="c:\mingw\bin\../lib/gcc/mingw32/4.8.1/include" />
            <Add directory="c:\mingw\bin\../lib/gcc/mingw32/4.8.1/include-fixed" />
            <Add directory="c:\mingw\bin\../lib/gcc/mingw32/4.8.1/include/c++" />
            <Add directory="c:\mingw\bin\../lib/gcc/mingw32/4.8.1/include/c++/backward" />
            <Add directory="c:\mingw\bin\../lib/gcc/mingw32/4.8.1/include/c++/mingw32" />
         </Compiler>
         <MakeCommands>
            <Build command="C:/MinGW/bin/mingw32-make.exe -f &quot;C:/Users/null/MOV/Box2D-build/HelloWorld/Makefile&quot;  VERBOSE=1 HelloWorld/fast" />
            <CompileFile command="C:/MinGW/bin/mingw32-make.exe -f &quot;C:/Users/null/MOV/Box2D-build/HelloWorld/Makefile&quot;  VERBOSE=1 &quot;$file&quot;" />
            <Clean command="C:/MinGW/bin/mingw32-make.exe -f &quot;C:/Users/null/MOV/Box2D-build/HelloWorld/Makefile&quot;  VERBOSE=1 clean" />
            <DistClean command="C:/MinGW/bin/mingw32-make.exe -f &quot;C:/Users/null/MOV/Box2D-build/HelloWorld/Makefile&quot;  VERBOSE=1 clean" />
         </MakeCommands>
      </Target>
      <Target title="freeglut_static">
         <Option output="C:/Users/null/MOV/Box2D-build/freeglut/libfreeglut_static.a" prefix_auto="0" extension_auto="0" />
         <Option working_dir="C:/Users/null/MOV/Box2D-build/freeglut" />
         <Option object_output="./" />
         <Option type="2" />
         <Option compiler="gcc" />
         <Compiler>
            <Add option="-DFREEGLUT_EXPORTS" />
            <Add option="-DFREEGLUT_STATIC" />
            <Add option="-D_CRT_SECURE_NO_WARNINGS" />
            <Add directory="C:/Users/null/MOV/Box2D/freeglut/." />
            <Add directory="c:\mingw\bin\../lib/gcc/mingw32/4.8.1/../../../../include" />
            <Add directory="c:\mingw\bin\../lib/gcc/mingw32/4.8.1/../../../../mingw32/include" />
            <Add directory="c:\mingw\bin\../lib/gcc/mingw32/4.8.1/include" />
            <Add directory="c:\mingw\bin\../lib/gcc/mingw32/4.8.1/include-fixed" />
            <Add directory="c:\mingw\bin\../lib/gcc/mingw32/4.8.1/include/c++" />
            <Add directory="c:\mingw\bin\../lib/gcc/mingw32/4.8.1/include/c++/backward" />
            <Add directory="c:\mingw\bin\../lib/gcc/mingw32/4.8.1/include/c++/mingw32" />
         </Compiler>
         <MakeCommands>
            <Build command="C:/MinGW/bin/mingw32-make.exe -f &quot;C:/Users/null/MOV/Box2D-build/freeglut/Makefile&quot;  VERBOSE=1 freeglut_static" />
            <CompileFile command="C:/MinGW/bin/mingw32-make.exe -f &quot;C:/Users/null/MOV/Box2D-build/freeglut/Makefile&quot;  VERBOSE=1 &quot;$file&quot;" />
            <Clean command="C:/MinGW/bin/mingw32-make.exe -f &quot;C:/Users/null/MOV/Box2D-build/freeglut/Makefile&quot;  VERBOSE=1 clean" />
            <DistClean command="C:/MinGW/bin/mingw32-make.exe -f &quot;C:/Users/null/MOV/Box2D-build/freeglut/Makefile&quot;  VERBOSE=1 clean" />
         </MakeCommands>
      </Target>
      <Target title="freeglut_static/fast">
         <Option output="C:/Users/null/MOV/Box2D-build/freeglut/libfreeglut_static.a" prefix_auto="0" extension_auto="0" />
         <Option working_dir="C:/Users/null/MOV/Box2D-build/freeglut" />
         <Option object_output="./" />
         <Option type="2" />
         <Option compiler="gcc" />
         <Compiler>
            <Add option="-DFREEGLUT_EXPORTS" />
            <Add option="-DFREEGLUT_STATIC" />
            <Add option="-D_CRT_SECURE_NO_WARNINGS" />
            <Add directory="C:/Users/null/MOV/Box2D/freeglut/." />
            <Add directory="c:\mingw\bin\../lib/gcc/mingw32/4.8.1/../../../../include" />
            <Add directory="c:\mingw\bin\../lib/gcc/mingw32/4.8.1/../../../../mingw32/include" />
            <Add directory="c:\mingw\bin\../lib/gcc/mingw32/4.8.1/include" />
            <Add directory="c:\mingw\bin\../lib/gcc/mingw32/4.8.1/include-fixed" />
            <Add directory="c:\mingw\bin\../lib/gcc/mingw32/4.8.1/include/c++" />
            <Add directory="c:\mingw\bin\../lib/gcc/mingw32/4.8.1/include/c++/backward" />
            <Add directory="c:\mingw\bin\../lib/gcc/mingw32/4.8.1/include/c++/mingw32" />
         </Compiler>
         <MakeCommands>
            <Build command="C:/MinGW/bin/mingw32-make.exe -f &quot;C:/Users/null/MOV/Box2D-build/freeglut/Makefile&quot;  VERBOSE=1 freeglut_static/fast" />
            <CompileFile command="C:/MinGW/bin/mingw32-make.exe -f &quot;C:/Users/null/MOV/Box2D-build/freeglut/Makefile&quot;  VERBOSE=1 &quot;$file&quot;" />
            <Clean command="C:/MinGW/bin/mingw32-make.exe -f &quot;C:/Users/null/MOV/Box2D-build/freeglut/Makefile&quot;  VERBOSE=1 clean" />
            <DistClean command="C:/MinGW/bin/mingw32-make.exe -f &quot;C:/Users/null/MOV/Box2D-build/freeglut/Makefile&quot;  VERBOSE=1 clean" />
         </MakeCommands>
      </Target>
      <Target title="glui">
         <Option output="C:/Users/null/MOV/Box2D-build/glui/libglui.a" prefix_auto="0" extension_auto="0" />
         <Option working_dir="C:/Users/null/MOV/Box2D-build/glui" />
         <Option object_output="./" />
         <Option type="2" />
         <Option compiler="gcc" />
         <Compiler>
            <Add option="-DFREEGLUT_STATIC" />
            <Add option="-D_CRT_SECURE_NO_WARNINGS" />
            <Add directory="C:/Users/null/MOV/Box2D/glui/.." />
            <Add directory="c:\mingw\bin\../lib/gcc/mingw32/4.8.1/../../../../include" />
            <Add directory="c:\mingw\bin\../lib/gcc/mingw32/4.8.1/../../../../mingw32/include" />
            <Add directory="c:\mingw\bin\../lib/gcc/mingw32/4.8.1/include" />
            <Add directory="c:\mingw\bin\../lib/gcc/mingw32/4.8.1/include-fixed" />
            <Add directory="c:\mingw\bin\../lib/gcc/mingw32/4.8.1/include/c++" />
            <Add directory="c:\mingw\bin\../lib/gcc/mingw32/4.8.1/include/c++/backward" />
            <Add directory="c:\mingw\bin\../lib/gcc/mingw32/4.8.1/include/c++/mingw32" />
         </Compiler>
         <MakeCommands>
            <Build command="C:/MinGW/bin/mingw32-make.exe -f &quot;C:/Users/null/MOV/Box2D-build/glui/Makefile&quot;  VERBOSE=1 glui" />
            <CompileFile command="C:/MinGW/bin/mingw32-make.exe -f &quot;C:/Users/null/MOV/Box2D-build/glui/Makefile&quot;  VERBOSE=1 &quot;$file&quot;" />
            <Clean command="C:/MinGW/bin/mingw32-make.exe -f &quot;C:/Users/null/MOV/Box2D-build/glui/Makefile&quot;  VERBOSE=1 clean" />
            <DistClean command="C:/MinGW/bin/mingw32-make.exe -f &quot;C:/Users/null/MOV/Box2D-build/glui/Makefile&quot;  VERBOSE=1 clean" />
         </MakeCommands>
      </Target>
      <Target title="glui/fast">
         <Option output="C:/Users/null/MOV/Box2D-build/glui/libglui.a" prefix_auto="0" extension_auto="0" />
         <Option working_dir="C:/Users/null/MOV/Box2D-build/glui" />
         <Option object_output="./" />
         <Option type="2" />
         <Option compiler="gcc" />
         <Compiler>
            <Add option="-DFREEGLUT_STATIC" />
            <Add option="-D_CRT_SECURE_NO_WARNINGS" />
            <Add directory="C:/Users/null/MOV/Box2D/glui/.." />
            <Add directory="c:\mingw\bin\../lib/gcc/mingw32/4.8.1/../../../../include" />
            <Add directory="c:\mingw\bin\../lib/gcc/mingw32/4.8.1/../../../../mingw32/include" />
            <Add directory="c:\mingw\bin\../lib/gcc/mingw32/4.8.1/include" />
            <Add directory="c:\mingw\bin\../lib/gcc/mingw32/4.8.1/include-fixed" />
            <Add directory="c:\mingw\bin\../lib/gcc/mingw32/4.8.1/include/c++" />
            <Add directory="c:\mingw\bin\../lib/gcc/mingw32/4.8.1/include/c++/backward" />
            <Add directory="c:\mingw\bin\../lib/gcc/mingw32/4.8.1/include/c++/mingw32" />
         </Compiler>
         <MakeCommands>
            <Build command="C:/MinGW/bin/mingw32-make.exe -f &quot;C:/Users/null/MOV/Box2D-build/glui/Makefile&quot;  VERBOSE=1 glui/fast" />
            <CompileFile command="C:/MinGW/bin/mingw32-make.exe -f &quot;C:/Users/null/MOV/Box2D-build/glui/Makefile&quot;  VERBOSE=1 &quot;$file&quot;" />
            <Clean command="C:/MinGW/bin/mingw32-make.exe -f &quot;C:/Users/null/MOV/Box2D-build/glui/Makefile&quot;  VERBOSE=1 clean" />
            <DistClean command="C:/MinGW/bin/mingw32-make.exe -f &quot;C:/Users/null/MOV/Box2D-build/glui/Makefile&quot;  VERBOSE=1 clean" />
         </MakeCommands>
      </Target>
      <Target title="Testbed">
         <Option output="C:/Users/null/MOV/Box2D-build/Testbed/Testbed.exe" prefix_auto="0" extension_auto="0" />
         <Option working_dir="C:/Users/null/MOV/Box2D-build/Testbed" />
         <Option object_output="./" />
         <Option type="1" />
         <Option compiler="gcc" />
         <Compiler>
            <Add option="-DFREEGLUT_EXPORTS" />
            <Add option="-DFREEGLUT_STATIC" />
            <Add option="-D_CRT_SECURE_NO_WARNINGS" />
            <Add directory="C:/Users/null/MOV/Box2D" />
            <Add directory="c:\mingw\bin\../lib/gcc/mingw32/4.8.1/../../../../include" />
            <Add directory="c:\mingw\bin\../lib/gcc/mingw32/4.8.1/../../../../mingw32/include" />
            <Add directory="c:\mingw\bin\../lib/gcc/mingw32/4.8.1/include" />
            <Add directory="c:\mingw\bin\../lib/gcc/mingw32/4.8.1/include-fixed" />
            <Add directory="c:\mingw\bin\../lib/gcc/mingw32/4.8.1/include/c++" />
            <Add directory="c:\mingw\bin\../lib/gcc/mingw32/4.8.1/include/c++/backward" />
            <Add directory="c:\mingw\bin\../lib/gcc/mingw32/4.8.1/include/c++/mingw32" />
         </Compiler>
         <MakeCommands>
            <Build command="C:/MinGW/bin/mingw32-make.exe -f &quot;C:/Users/null/MOV/Box2D-build/Testbed/Makefile&quot;  VERBOSE=1 Testbed" />
            <CompileFile command="C:/MinGW/bin/mingw32-make.exe -f &quot;C:/Users/null/MOV/Box2D-build/Testbed/Makefile&quot;  VERBOSE=1 &quot;$file&quot;" />
            <Clean command="C:/MinGW/bin/mingw32-make.exe -f &quot;C:/Users/null/MOV/Box2D-build/Testbed/Makefile&quot;  VERBOSE=1 clean" />
            <DistClean command="C:/MinGW/bin/mingw32-make.exe -f &quot;C:/Users/null/MOV/Box2D-build/Testbed/Makefile&quot;  VERBOSE=1 clean" />
         </MakeCommands>
      </Target>
      <Target title="Testbed/fast">
         <Option output="C:/Users/null/MOV/Box2D-build/Testbed/Testbed.exe" prefix_auto="0" extension_auto="0" />
         <Option working_dir="C:/Users/null/MOV/Box2D-build/Testbed" />
         <Option object_output="./" />
         <Option type="1" />
         <Option compiler="gcc" />
         <Compiler>
            <Add option="-DFREEGLUT_EXPORTS" />
            <Add option="-DFREEGLUT_STATIC" />
            <Add option="-D_CRT_SECURE_NO_WARNINGS" />
            <Add directory="C:/Users/null/MOV/Box2D" />
            <Add directory="c:\mingw\bin\../lib/gcc/mingw32/4.8.1/../../../../include" />
            <Add directory="c:\mingw\bin\../lib/gcc/mingw32/4.8.1/../../../../mingw32/include" />
            <Add directory="c:\mingw\bin\../lib/gcc/mingw32/4.8.1/include" />
            <Add directory="c:\mingw\bin\../lib/gcc/mingw32/4.8.1/include-fixed" />
            <Add directory="c:\mingw\bin\../lib/gcc/mingw32/4.8.1/include/c++" />
            <Add directory="c:\mingw\bin\../lib/gcc/mingw32/4.8.1/include/c++/backward" />
            <Add directory="c:\mingw\bin\../lib/gcc/mingw32/4.8.1/include/c++/mingw32" />
         </Compiler>
         <MakeCommands>
            <Build command="C:/MinGW/bin/mingw32-make.exe -f &quot;C:/Users/null/MOV/Box2D-build/Testbed/Makefile&quot;  VERBOSE=1 Testbed/fast" />
            <CompileFile command="C:/MinGW/bin/mingw32-make.exe -f &quot;C:/Users/null/MOV/Box2D-build/Testbed/Makefile&quot;  VERBOSE=1 &quot;$file&quot;" />
            <Clean command="C:/MinGW/bin/mingw32-make.exe -f &quot;C:/Users/null/MOV/Box2D-build/Testbed/Makefile&quot;  VERBOSE=1 clean" />
            <DistClean command="C:/MinGW/bin/mingw32-make.exe -f &quot;C:/Users/null/MOV/Box2D-build/Testbed/Makefile&quot;  VERBOSE=1 clean" />
         </MakeCommands>
      </Target>
      </Build>
      <Unit filename="C:/Users/null/MOV/Box2D/Box2D/Collision/Shapes/b2ChainShape.cpp">
      </Unit>
      <Unit filename="C:/Users/null/MOV/Box2D/Box2D/Collision/Shapes/b2CircleShape.cpp">
      </Unit>
      <Unit filename="C:/Users/null/MOV/Box2D/Box2D/Collision/Shapes/b2EdgeShape.cpp">
      </Unit>
      <Unit filename="C:/Users/null/MOV/Box2D/Box2D/Collision/Shapes/b2PolygonShape.cpp">
      </Unit>
      <Unit filename="C:/Users/null/MOV/Box2D/Box2D/Collision/b2BroadPhase.cpp">
      </Unit>
      <Unit filename="C:/Users/null/MOV/Box2D/Box2D/Collision/b2CollideCircle.cpp">
      </Unit>
      <Unit filename="C:/Users/null/MOV/Box2D/Box2D/Collision/b2CollideEdge.cpp">
      </Unit>
      <Unit filename="C:/Users/null/MOV/Box2D/Box2D/Collision/b2CollidePolygon.cpp">
      </Unit>
      <Unit filename="C:/Users/null/MOV/Box2D/Box2D/Collision/b2Collision.cpp">
      </Unit>
      <Unit filename="C:/Users/null/MOV/Box2D/Box2D/Collision/b2Distance.cpp">
      </Unit>
      <Unit filename="C:/Users/null/MOV/Box2D/Box2D/Collision/b2DynamicTree.cpp">
      </Unit>
      <Unit filename="C:/Users/null/MOV/Box2D/Box2D/Collision/b2TimeOfImpact.cpp">
      </Unit>
      <Unit filename="C:/Users/null/MOV/Box2D/Box2D/Common/b2BlockAllocator.cpp">
      </Unit>
      <Unit filename="C:/Users/null/MOV/Box2D/Box2D/Common/b2Draw.cpp">
      </Unit>
      <Unit filename="C:/Users/null/MOV/Box2D/Box2D/Common/b2Math.cpp">
      </Unit>
      <Unit filename="C:/Users/null/MOV/Box2D/Box2D/Common/b2Settings.cpp">
      </Unit>
      <Unit filename="C:/Users/null/MOV/Box2D/Box2D/Common/b2StackAllocator.cpp">
      </Unit>
      <Unit filename="C:/Users/null/MOV/Box2D/Box2D/Common/b2Timer.cpp">
      </Unit>
      <Unit filename="C:/Users/null/MOV/Box2D/Box2D/Dynamics/Contacts/b2ChainAndCircleContact.cpp">
      </Unit>
      <Unit filename="C:/Users/null/MOV/Box2D/Box2D/Dynamics/Contacts/b2ChainAndPolygonContact.cpp">
      </Unit>
      <Unit filename="C:/Users/null/MOV/Box2D/Box2D/Dynamics/Contacts/b2CircleContact.cpp">
      </Unit>
      <Unit filename="C:/Users/null/MOV/Box2D/Box2D/Dynamics/Contacts/b2Contact.cpp">
      </Unit>
      <Unit filename="C:/Users/null/MOV/Box2D/Box2D/Dynamics/Contacts/b2ContactSolver.cpp">
      </Unit>
      <Unit filename="C:/Users/null/MOV/Box2D/Box2D/Dynamics/Contacts/b2EdgeAndCircleContact.cpp">
      </Unit>
      <Unit filename="C:/Users/null/MOV/Box2D/Box2D/Dynamics/Contacts/b2EdgeAndPolygonContact.cpp">
      </Unit>
      <Unit filename="C:/Users/null/MOV/Box2D/Box2D/Dynamics/Contacts/b2PolygonAndCircleContact.cpp">
      </Unit>
      <Unit filename="C:/Users/null/MOV/Box2D/Box2D/Dynamics/Contacts/b2PolygonContact.cpp">
      </Unit>
      <Unit filename="C:/Users/null/MOV/Box2D/Box2D/Dynamics/Joints/b2DistanceJoint.cpp">
      </Unit>
      <Unit filename="C:/Users/null/MOV/Box2D/Box2D/Dynamics/Joints/b2FrictionJoint.cpp">
      </Unit>
      <Unit filename="C:/Users/null/MOV/Box2D/Box2D/Dynamics/Joints/b2GearJoint.cpp">
      </Unit>
      <Unit filename="C:/Users/null/MOV/Box2D/Box2D/Dynamics/Joints/b2Joint.cpp">
      </Unit>
      <Unit filename="C:/Users/null/MOV/Box2D/Box2D/Dynamics/Joints/b2MotorJoint.cpp">
      </Unit>
      <Unit filename="C:/Users/null/MOV/Box2D/Box2D/Dynamics/Joints/b2MouseJoint.cpp">
      </Unit>
      <Unit filename="C:/Users/null/MOV/Box2D/Box2D/Dynamics/Joints/b2PrismaticJoint.cpp">
      </Unit>
      <Unit filename="C:/Users/null/MOV/Box2D/Box2D/Dynamics/Joints/b2PulleyJoint.cpp">
      </Unit>
      <Unit filename="C:/Users/null/MOV/Box2D/Box2D/Dynamics/Joints/b2RevoluteJoint.cpp">
      </Unit>
      <Unit filename="C:/Users/null/MOV/Box2D/Box2D/Dynamics/Joints/b2RopeJoint.cpp">
      </Unit>
      <Unit filename="C:/Users/null/MOV/Box2D/Box2D/Dynamics/Joints/b2WeldJoint.cpp">
      </Unit>
      <Unit filename="C:/Users/null/MOV/Box2D/Box2D/Dynamics/Joints/b2WheelJoint.cpp">
      </Unit>
      <Unit filename="C:/Users/null/MOV/Box2D/Box2D/Dynamics/b2Body.cpp">
      </Unit>
      <Unit filename="C:/Users/null/MOV/Box2D/Box2D/Dynamics/b2ContactManager.cpp">
      </Unit>
      <Unit filename="C:/Users/null/MOV/Box2D/Box2D/Dynamics/b2Fixture.cpp">
      </Unit>
      <Unit filename="C:/Users/null/MOV/Box2D/Box2D/Dynamics/b2Island.cpp">
      </Unit>
      <Unit filename="C:/Users/null/MOV/Box2D/Box2D/Dynamics/b2World.cpp">
      </Unit>
      <Unit filename="C:/Users/null/MOV/Box2D/Box2D/Dynamics/b2WorldCallbacks.cpp">
      </Unit>
      <Unit filename="C:/Users/null/MOV/Box2D/Box2D/Rope/b2Rope.cpp">
      </Unit>
      <Unit filename="C:/Users/null/MOV/Box2D/HelloWorld/HelloWorld.cpp">
      </Unit>
      <Unit filename="C:/Users/null/MOV/Box2D/Testbed/Framework/Main.cpp">
      </Unit>
      <Unit filename="C:/Users/null/MOV/Box2D/Testbed/Framework/Render.cpp">
      </Unit>
      <Unit filename="C:/Users/null/MOV/Box2D/Testbed/Framework/Test.cpp">
      </Unit>
      <Unit filename="C:/Users/null/MOV/Box2D/Testbed/Tests/TestEntries.cpp">
      </Unit>
      <Unit filename="C:/Users/null/MOV/Box2D/freeglut/freeglut_callbacks.c">
      </Unit>
      <Unit filename="C:/Users/null/MOV/Box2D/freeglut/freeglut_cursor.c">
      </Unit>
      <Unit filename="C:/Users/null/MOV/Box2D/freeglut/freeglut_display.c">
      </Unit>
      <Unit filename="C:/Users/null/MOV/Box2D/freeglut/freeglut_ext.c">
      </Unit>
      <Unit filename="C:/Users/null/MOV/Box2D/freeglut/freeglut_font.c">
      </Unit>
      <Unit filename="C:/Users/null/MOV/Box2D/freeglut/freeglut_font_data.c">
      </Unit>
      <Unit filename="C:/Users/null/MOV/Box2D/freeglut/freeglut_gamemode.c">
      </Unit>
      <Unit filename="C:/Users/null/MOV/Box2D/freeglut/freeglut_geometry.c">
      </Unit>
      <Unit filename="C:/Users/null/MOV/Box2D/freeglut/freeglut_glutfont_definitions.c">
      </Unit>
      <Unit filename="C:/Users/null/MOV/Box2D/freeglut/freeglut_init.c">
      </Unit>
      <Unit filename="C:/Users/null/MOV/Box2D/freeglut/freeglut_input_devices.c">
      </Unit>
      <Unit filename="C:/Users/null/MOV/Box2D/freeglut/freeglut_joystick.c">
      </Unit>
      <Unit filename="C:/Users/null/MOV/Box2D/freeglut/freeglut_main.c">
      </Unit>
      <Unit filename="C:/Users/null/MOV/Box2D/freeglut/freeglut_menu.c">
      </Unit>
      <Unit filename="C:/Users/null/MOV/Box2D/freeglut/freeglut_misc.c">
      </Unit>
      <Unit filename="C:/Users/null/MOV/Box2D/freeglut/freeglut_overlay.c">
      </Unit>
      <Unit filename="C:/Users/null/MOV/Box2D/freeglut/freeglut_spaceball.c">
      </Unit>
      <Unit filename="C:/Users/null/MOV/Box2D/freeglut/freeglut_state.c">
      </Unit>
      <Unit filename="C:/Users/null/MOV/Box2D/freeglut/freeglut_stroke_mono_roman.c">
      </Unit>
      <Unit filename="C:/Users/null/MOV/Box2D/freeglut/freeglut_stroke_roman.c">
      </Unit>
      <Unit filename="C:/Users/null/MOV/Box2D/freeglut/freeglut_structure.c">
      </Unit>
      <Unit filename="C:/Users/null/MOV/Box2D/freeglut/freeglut_teapot.c">
      </Unit>
      <Unit filename="C:/Users/null/MOV/Box2D/freeglut/freeglut_videoresize.c">
      </Unit>
      <Unit filename="C:/Users/null/MOV/Box2D/freeglut/freeglut_window.c">
      </Unit>
      <Unit filename="C:/Users/null/MOV/Box2D/glui/algebra3.cpp">
      </Unit>
      <Unit filename="C:/Users/null/MOV/Box2D/glui/arcball.cpp">
      </Unit>
      <Unit filename="C:/Users/null/MOV/Box2D/glui/glui.cpp">
      </Unit>
      <Unit filename="C:/Users/null/MOV/Box2D/glui/glui_add_controls.cpp">
      </Unit>
      <Unit filename="C:/Users/null/MOV/Box2D/glui/glui_bitmap_img_data.cpp">
      </Unit>
      <Unit filename="C:/Users/null/MOV/Box2D/glui/glui_bitmaps.cpp">
      </Unit>
      <Unit filename="C:/Users/null/MOV/Box2D/glui/glui_button.cpp">
      </Unit>
      <Unit filename="C:/Users/null/MOV/Box2D/glui/glui_checkbox.cpp">
      </Unit>
      <Unit filename="C:/Users/null/MOV/Box2D/glui/glui_column.cpp">
      </Unit>
      <Unit filename="C:/Users/null/MOV/Box2D/glui/glui_commandline.cpp">
      </Unit>
      <Unit filename="C:/Users/null/MOV/Box2D/glui/glui_control.cpp">
      </Unit>
      <Unit filename="C:/Users/null/MOV/Box2D/glui/glui_edittext.cpp">
      </Unit>
      <Unit filename="C:/Users/null/MOV/Box2D/glui/glui_filebrowser.cpp">
      </Unit>
      <Unit filename="C:/Users/null/MOV/Box2D/glui/glui_list.cpp">
      </Unit>
      <Unit filename="C:/Users/null/MOV/Box2D/glui/glui_listbox.cpp">
      </Unit>
      <Unit filename="C:/Users/null/MOV/Box2D/glui/glui_mouse_iaction.cpp">
      </Unit>
      <Unit filename="C:/Users/null/MOV/Box2D/glui/glui_node.cpp">
      </Unit>
      <Unit filename="C:/Users/null/MOV/Box2D/glui/glui_panel.cpp">
      </Unit>
      <Unit filename="C:/Users/null/MOV/Box2D/glui/glui_radio.cpp">
      </Unit>
      <Unit filename="C:/Users/null/MOV/Box2D/glui/glui_rollout.cpp">
      </Unit>
      <Unit filename="C:/Users/null/MOV/Box2D/glui/glui_rotation.cpp">
      </Unit>
      <Unit filename="C:/Users/null/MOV/Box2D/glui/glui_scrollbar.cpp">
      </Unit>
      <Unit filename="C:/Users/null/MOV/Box2D/glui/glui_separator.cpp">
      </Unit>
      <Unit filename="C:/Users/null/MOV/Box2D/glui/glui_spinner.cpp">
      </Unit>
      <Unit filename="C:/Users/null/MOV/Box2D/glui/glui_statictext.cpp">
      </Unit>
      <Unit filename="C:/Users/null/MOV/Box2D/glui/glui_string.cpp">
      </Unit>
      <Unit filename="C:/Users/null/MOV/Box2D/glui/glui_textbox.cpp">
      </Unit>
      <Unit filename="C:/Users/null/MOV/Box2D/glui/glui_translation.cpp">
      </Unit>
      <Unit filename="C:/Users/null/MOV/Box2D/glui/glui_tree.cpp">
      </Unit>
      <Unit filename="C:/Users/null/MOV/Box2D/glui/glui_treepanel.cpp">
      </Unit>
      <Unit filename="C:/Users/null/MOV/Box2D/glui/glui_window.cpp">
      </Unit>
      <Unit filename="C:/Users/null/MOV/Box2D/glui/quaternion.cpp">
      </Unit>
      <Unit filename="C:/Users/null/MOV/Box2D/Box2D/Box2D.h">
      </Unit>
      <Unit filename="C:/Users/null/MOV/Box2D/Box2D/Collision/Shapes/b2ChainShape.h">
      </Unit>
      <Unit filename="C:/Users/null/MOV/Box2D/Box2D/Collision/Shapes/b2CircleShape.h">
      </Unit>
      <Unit filename="C:/Users/null/MOV/Box2D/Box2D/Collision/Shapes/b2EdgeShape.h">
      </Unit>
      <Unit filename="C:/Users/null/MOV/Box2D/Box2D/Collision/Shapes/b2PolygonShape.h">
      </Unit>
      <Unit filename="C:/Users/null/MOV/Box2D/Box2D/Collision/Shapes/b2Shape.h">
      </Unit>
      <Unit filename="C:/Users/null/MOV/Box2D/Box2D/Collision/b2BroadPhase.h">
      </Unit>
      <Unit filename="C:/Users/null/MOV/Box2D/Box2D/Collision/b2Collision.h">
      </Unit>
      <Unit filename="C:/Users/null/MOV/Box2D/Box2D/Collision/b2Distance.h">
      </Unit>
      <Unit filename="C:/Users/null/MOV/Box2D/Box2D/Collision/b2DynamicTree.h">
      </Unit>
      <Unit filename="C:/Users/null/MOV/Box2D/Box2D/Collision/b2TimeOfImpact.h">
      </Unit>
      <Unit filename="C:/Users/null/MOV/Box2D/Box2D/Common/b2BlockAllocator.h">
      </Unit>
      <Unit filename="C:/Users/null/MOV/Box2D/Box2D/Common/b2Draw.h">
      </Unit>
      <Unit filename="C:/Users/null/MOV/Box2D/Box2D/Common/b2GrowableStack.h">
      </Unit>
      <Unit filename="C:/Users/null/MOV/Box2D/Box2D/Common/b2Math.h">
      </Unit>
      <Unit filename="C:/Users/null/MOV/Box2D/Box2D/Common/b2Settings.h">
      </Unit>
      <Unit filename="C:/Users/null/MOV/Box2D/Box2D/Common/b2StackAllocator.h">
      </Unit>
      <Unit filename="C:/Users/null/MOV/Box2D/Box2D/Common/b2Timer.h">
      </Unit>
      <Unit filename="C:/Users/null/MOV/Box2D/Box2D/Dynamics/Contacts/b2ChainAndCircleContact.h">
      </Unit>
      <Unit filename="C:/Users/null/MOV/Box2D/Box2D/Dynamics/Contacts/b2ChainAndPolygonContact.h">
      </Unit>
      <Unit filename="C:/Users/null/MOV/Box2D/Box2D/Dynamics/Contacts/b2CircleContact.h">
      </Unit>
      <Unit filename="C:/Users/null/MOV/Box2D/Box2D/Dynamics/Contacts/b2Contact.h">
      </Unit>
      <Unit filename="C:/Users/null/MOV/Box2D/Box2D/Dynamics/Contacts/b2ContactSolver.h">
      </Unit>
      <Unit filename="C:/Users/null/MOV/Box2D/Box2D/Dynamics/Contacts/b2EdgeAndCircleContact.h">
      </Unit>
      <Unit filename="C:/Users/null/MOV/Box2D/Box2D/Dynamics/Contacts/b2EdgeAndPolygonContact.h">
      </Unit>
      <Unit filename="C:/Users/null/MOV/Box2D/Box2D/Dynamics/Contacts/b2PolygonAndCircleContact.h">
      </Unit>
      <Unit filename="C:/Users/null/MOV/Box2D/Box2D/Dynamics/Contacts/b2PolygonContact.h">
      </Unit>
      <Unit filename="C:/Users/null/MOV/Box2D/Box2D/Dynamics/Joints/b2DistanceJoint.h">
      </Unit>
      <Unit filename="C:/Users/null/MOV/Box2D/Box2D/Dynamics/Joints/b2FrictionJoint.h">
      </Unit>
      <Unit filename="C:/Users/null/MOV/Box2D/Box2D/Dynamics/Joints/b2GearJoint.h">
      </Unit>
      <Unit filename="C:/Users/null/MOV/Box2D/Box2D/Dynamics/Joints/b2Joint.h">
      </Unit>
      <Unit filename="C:/Users/null/MOV/Box2D/Box2D/Dynamics/Joints/b2MotorJoint.h">
      </Unit>
      <Unit filename="C:/Users/null/MOV/Box2D/Box2D/Dynamics/Joints/b2MouseJoint.h">
      </Unit>
      <Unit filename="C:/Users/null/MOV/Box2D/Box2D/Dynamics/Joints/b2PrismaticJoint.h">
      </Unit>
      <Unit filename="C:/Users/null/MOV/Box2D/Box2D/Dynamics/Joints/b2PulleyJoint.h">
      </Unit>
      <Unit filename="C:/Users/null/MOV/Box2D/Box2D/Dynamics/Joints/b2RevoluteJoint.h">
      </Unit>
      <Unit filename="C:/Users/null/MOV/Box2D/Box2D/Dynamics/Joints/b2RopeJoint.h">
      </Unit>
      <Unit filename="C:/Users/null/MOV/Box2D/Box2D/Dynamics/Joints/b2WeldJoint.h">
      </Unit>
      <Unit filename="C:/Users/null/MOV/Box2D/Box2D/Dynamics/Joints/b2WheelJoint.h">
      </Unit>
      <Unit filename="C:/Users/null/MOV/Box2D/Box2D/Dynamics/b2Body.h">
      </Unit>
      <Unit filename="C:/Users/null/MOV/Box2D/Box2D/Dynamics/b2ContactManager.h">
      </Unit>
      <Unit filename="C:/Users/null/MOV/Box2D/Box2D/Dynamics/b2Fixture.h">
      </Unit>
      <Unit filename="C:/Users/null/MOV/Box2D/Box2D/Dynamics/b2Island.h">
      </Unit>
      <Unit filename="C:/Users/null/MOV/Box2D/Box2D/Dynamics/b2TimeStep.h">
      </Unit>
      <Unit filename="C:/Users/null/MOV/Box2D/Box2D/Dynamics/b2World.h">
      </Unit>
      <Unit filename="C:/Users/null/MOV/Box2D/Box2D/Dynamics/b2WorldCallbacks.h">
      </Unit>
      <Unit filename="C:/Users/null/MOV/Box2D/Box2D/Rope/b2Rope.h">
      </Unit>
      <Unit filename="C:/Users/null/MOV/Box2D/Testbed/Framework/Render.h">
      </Unit>
      <Unit filename="C:/Users/null/MOV/Box2D/Testbed/Framework/Test.h">
      </Unit>
      <Unit filename="C:/Users/null/MOV/Box2D/Testbed/Tests/AddPair.h">
      </Unit>
      <Unit filename="C:/Users/null/MOV/Box2D/Testbed/Tests/ApplyForce.h">
      </Unit>
      <Unit filename="C:/Users/null/MOV/Box2D/Testbed/Tests/BodyTypes.h">
      </Unit>
      <Unit filename="C:/Users/null/MOV/Box2D/Testbed/Tests/Breakable.h">
      </Unit>
      <Unit filename="C:/Users/null/MOV/Box2D/Testbed/Tests/Bridge.h">
      </Unit>
      <Unit filename="C:/Users/null/MOV/Box2D/Testbed/Tests/BulletTest.h">
      </Unit>
      <Unit filename="C:/Users/null/MOV/Box2D/Testbed/Tests/Cantilever.h">
      </Unit>
      <Unit filename="C:/Users/null/MOV/Box2D/Testbed/Tests/Car.h">
      </Unit>
      <Unit filename="C:/Users/null/MOV/Box2D/Testbed/Tests/Chain.h">
      </Unit>
      <Unit filename="C:/Users/null/MOV/Box2D/Testbed/Tests/CharacterCollision.h">
      </Unit>
      <Unit filename="C:/Users/null/MOV/Box2D/Testbed/Tests/CollisionFiltering.h">
      </Unit>
      <Unit filename="C:/Users/null/MOV/Box2D/Testbed/Tests/CollisionProcessing.h">
      </Unit>
      <Unit filename="C:/Users/null/MOV/Box2D/Testbed/Tests/CompoundShapes.h">
      </Unit>
      <Unit filename="C:/Users/null/MOV/Box2D/Testbed/Tests/Confined.h">
      </Unit>
      <Unit filename="C:/Users/null/MOV/Box2D/Testbed/Tests/ContinuousTest.h">
      </Unit>
      <Unit filename="C:/Users/null/MOV/Box2D/Testbed/Tests/DistanceTest.h">
      </Unit>
      <Unit filename="C:/Users/null/MOV/Box2D/Testbed/Tests/Dominos.h">
      </Unit>
      <Unit filename="C:/Users/null/MOV/Box2D/Testbed/Tests/DumpShell.h">
      </Unit>
      <Unit filename="C:/Users/null/MOV/Box2D/Testbed/Tests/DynamicTreeTest.h">
      </Unit>
      <Unit filename="C:/Users/null/MOV/Box2D/Testbed/Tests/EdgeShapes.h">
      </Unit>
      <Unit filename="C:/Users/null/MOV/Box2D/Testbed/Tests/EdgeTest.h">
      </Unit>
      <Unit filename="C:/Users/null/MOV/Box2D/Testbed/Tests/Gears.h">
      </Unit>
      <Unit filename="C:/Users/null/MOV/Box2D/Testbed/Tests/OneSidedPlatform.h">
      </Unit>
      <Unit filename="C:/Users/null/MOV/Box2D/Testbed/Tests/Pinball.h">
      </Unit>
      <Unit filename="C:/Users/null/MOV/Box2D/Testbed/Tests/PolyCollision.h">
      </Unit>
      <Unit filename="C:/Users/null/MOV/Box2D/Testbed/Tests/PolyShapes.h">
      </Unit>
      <Unit filename="C:/Users/null/MOV/Box2D/Testbed/Tests/Prismatic.h">
      </Unit>
      <Unit filename="C:/Users/null/MOV/Box2D/Testbed/Tests/Pulleys.h">
      </Unit>
      <Unit filename="C:/Users/null/MOV/Box2D/Testbed/Tests/Pyramid.h">
      </Unit>
      <Unit filename="C:/Users/null/MOV/Box2D/Testbed/Tests/RayCast.h">
      </Unit>
      <Unit filename="C:/Users/null/MOV/Box2D/Testbed/Tests/Revolute.h">
      </Unit>
      <Unit filename="C:/Users/null/MOV/Box2D/Testbed/Tests/Rope.h">
      </Unit>
      <Unit filename="C:/Users/null/MOV/Box2D/Testbed/Tests/RopeJoint.h">
      </Unit>
      <Unit filename="C:/Users/null/MOV/Box2D/Testbed/Tests/SensorTest.h">
      </Unit>
      <Unit filename="C:/Users/null/MOV/Box2D/Testbed/Tests/ShapeEditing.h">
      </Unit>
      <Unit filename="C:/Users/null/MOV/Box2D/Testbed/Tests/SliderCrank.h">
      </Unit>
      <Unit filename="C:/Users/null/MOV/Box2D/Testbed/Tests/SphereStack.h">
      </Unit>
      <Unit filename="C:/Users/null/MOV/Box2D/Testbed/Tests/TheoJansen.h">
      </Unit>
      <Unit filename="C:/Users/null/MOV/Box2D/Testbed/Tests/Tiles.h">
      </Unit>
      <Unit filename="C:/Users/null/MOV/Box2D/Testbed/Tests/TimeOfImpact.h">
      </Unit>
      <Unit filename="C:/Users/null/MOV/Box2D/Testbed/Tests/VaryingFriction.h">
      </Unit>
      <Unit filename="C:/Users/null/MOV/Box2D/Testbed/Tests/VaryingRestitution.h">
      </Unit>
      <Unit filename="C:/Users/null/MOV/Box2D/Testbed/Tests/VerticalStack.h">
      </Unit>
      <Unit filename="C:/Users/null/MOV/Box2D/Testbed/Tests/Web.h">
      </Unit>
      <Unit filename="C:/Users/null/MOV/Box2D/freeglut/freeglut.h">
      </Unit>
      <Unit filename="C:/Users/null/MOV/Box2D/freeglut/freeglut_ext.h">
      </Unit>
      <Unit filename="C:/Users/null/MOV/Box2D/freeglut/freeglut_internal.h">
      </Unit>
      <Unit filename="C:/Users/null/MOV/Box2D/freeglut/freeglut_std.h">
      </Unit>
      <Unit filename="C:/Users/null/MOV/Box2D/freeglut/freeglut_teapot_data.h">
      </Unit>
      <Unit filename="C:/Users/null/MOV/Box2D/glui/algebra3.h">
      </Unit>
      <Unit filename="C:/Users/null/MOV/Box2D/glui/arcball.h">
      </Unit>
      <Unit filename="C:/Users/null/MOV/Box2D/glui/glui.h">
      </Unit>
      <Unit filename="C:/Users/null/MOV/Box2D/glui/quaternion.h">
      </Unit>
      <Unit filename="C:/Users/null/MOV/Box2D/CMakeLists.txt">
          <Option virtualFolder="CMake Files\" />
      </Unit>
      <Unit filename="C:/Users/null/MOV/Box2D/Box2D/CMakeLists.txt">
          <Option virtualFolder="CMake Files\Box2D\" />
      </Unit>
      <Unit filename="C:/Users/null/MOV/Box2D/HelloWorld/CMakeLists.txt">
          <Option virtualFolder="CMake Files\HelloWorld\" />
      </Unit>
      <Unit filename="C:/Users/null/MOV/Box2D/freeglut/CMakeLists.txt">
          <Option virtualFolder="CMake Files\freeglut\" />
      </Unit>
      <Unit filename="C:/Users/null/MOV/Box2D/glui/CMakeLists.txt">
          <Option virtualFolder="CMake Files\glui\" />
      </Unit>
      <Unit filename="C:/Users/null/MOV/Box2D/Testbed/CMakeLists.txt">
          <Option virtualFolder="CMake Files\Testbed\" />
      </Unit>
   </Project>
</CodeBlocks_project_file>
